
Microsoft Visual Studio Solution File, Format Version 12.00
# Visual Studio Version 16
VisualStudioVersion = 16.0.31112.23
MinimumVisualStudioVersion = 10.0.40219.1
Project("{FAE04EC0-301F-11D3-BF4B-00C04F79EFBC}") = "HelloWPF", "HelloWPF\HelloWPF.csproj", "{23469515-7F25-4DA2-AAEB-70B65C1946B1}"
EndProject
Global
	GlobalSection(SolutionConfigurationPlatforms) = preSolution
		Debug|Any CPU = Debug|Any CPU
		Release|Any CPU = Release|Any CPU
	EndGlobalSection
	GlobalSection(ProjectConfigurationPlatforms) = postSolution
		{23469515-7F25-4DA2-AAEB-70B65C1946B1}.Debug|Any CPU.ActiveCfg = Debug|Any CPU
		{23469515-7F25-4DA2-AAEB-70B65C1946B1}.Debug|Any CPU.Build.0 = Debug|Any CPU
		{23469515-7F25-4DA2-AAEB-70B65C1946B1}.Release|Any CPU.ActiveCfg = Release|Any CPU
		{23469515-7F25-4DA2-AAEB-70B65C1946B1}.Release|Any CPU.Build.0 = Release|Any CPU
	EndGlobalSection
	GlobalSection(SolutionProperties) = preSolution
		HideSolutionNode = FALSE
	EndGlobalSection
	GlobalSection(ExtensibilityGlobals) = postSolution
		SolutionGuid = {CA3028FF-AAC1-4F35-8075-5F155FC743DA}
	EndGlobalSection
EndGlobal
